
Microsoft Visual Studio Solution File, Format Version 12.00
# Visual Studio 2012
Project("{FAE04EC0-301F-11D3-BF4B-00C04F79EFBC}") = "HRB_LotteryManagermentSystem", "HRB_LotteryManagermentSystem\HRB_LotteryManagermentSystem.csproj", "{4F0F6B51-F8BD-462A-B610-DF2C1A2E27D8}"
EndProject
Project("{FAE04EC0-301F-11D3-BF4B-00C04F79EFBC}") = "Order.Common", "Order.Common\Order.Common.csproj", "{EB3B4387-9D4C-4A07-A558-971602541779}"
EndProject
Project("{FAE04EC0-301F-11D3-BF4B-00C04F79EFBC}") = "Lottery.Buiness", "Lottery.Buiness\Lottery.Buiness.csproj", "{9EF7C293-586D-4141-8D98-1F7CF3BE11A2}"
EndProject
Project("{FAE04EC0-301F-11D3-BF4B-00C04F79EFBC}") = "Lottery.DB", "Lottery.DB\Lottery.DB.csproj", "{F196C0BD-3138-416D-BAE9-47F1942E27B3}"
EndProject
Global
	GlobalSection(SolutionConfigurationPlatforms) = preSolution
		Debug|Any CPU = Debug|Any CPU
		Release|Any CPU = Release|Any CPU
	EndGlobalSection
	GlobalSection(ProjectConfigurationPlatforms) = postSolution
		{4F0F6B51-F8BD-462A-B610-DF2C1A2E27D8}.Debug|Any CPU.ActiveCfg = Debug|Any CPU
		{4F0F6B51-F8BD-462A-B610-DF2C1A2E27D8}.Debug|Any CPU.Build.0 = Debug|Any CPU
		{4F0F6B51-F8BD-462A-B610-DF2C1A2E27D8}.Release|Any CPU.ActiveCfg = Release|Any CPU
		{4F0F6B51-F8BD-462A-B610-DF2C1A2E27D8}.Release|Any CPU.Build.0 = Release|Any CPU
		{EB3B4387-9D4C-4A07-A558-971602541779}.Debug|Any CPU.ActiveCfg = Debug|Any CPU
		{EB3B4387-9D4C-4A07-A558-971602541779}.Debug|Any CPU.Build.0 = Debug|Any CPU
		{EB3B4387-9D4C-4A07-A558-971602541779}.Release|Any CPU.ActiveCfg = Release|Any CPU
		{EB3B4387-9D4C-4A07-A558-971602541779}.Release|Any CPU.Build.0 = Release|Any CPU
		{9EF7C293-586D-4141-8D98-1F7CF3BE11A2}.Debug|Any CPU.ActiveCfg = Debug|Any CPU
		{9EF7C293-586D-4141-8D98-1F7CF3BE11A2}.Debug|Any CPU.Build.0 = Debug|Any CPU
		{9EF7C293-586D-4141-8D98-1F7CF3BE11A2}.Release|Any CPU.ActiveCfg = Release|Any CPU
		{9EF7C293-586D-4141-8D98-1F7CF3BE11A2}.Release|Any CPU.Build.0 = Release|Any CPU
		{F196C0BD-3138-416D-BAE9-47F1942E27B3}.Debug|Any CPU.ActiveCfg = Debug|Any CPU
		{F196C0BD-3138-416D-BAE9-47F1942E27B3}.Debug|Any CPU.Build.0 = Debug|Any CPU
		{F196C0BD-3138-416D-BAE9-47F1942E27B3}.Release|Any CPU.ActiveCfg = Release|Any CPU
		{F196C0BD-3138-416D-BAE9-47F1942E27B3}.Release|Any CPU.Build.0 = Release|Any CPU
	EndGlobalSection
	GlobalSection(SolutionProperties) = preSolution
		HideSolutionNode = FALSE
	EndGlobalSection
EndGlobal
